
Microsoft Visual Studio Solution File, Format Version 12.00
# Visual Studio Version 16
VisualStudioVersion = 16.0.33130.400
MinimumVisualStudioVersion = 10.0.40219.1
Project("{FAE04EC0-301F-11D3-BF4B-00C04F79EFBC}") = "NameOutput", "NameOutput.csproj", "{E644D9C3-970B-4DAF-9B7A-99BB51CCD55A}"
EndProject
Global
	GlobalSection(SolutionConfigurationPlatforms) = preSolution
		Debug|Any CPU = Debug|Any CPU
		Release|Any CPU = Release|Any CPU
	EndGlobalSection
	GlobalSection(ProjectConfigurationPlatforms) = postSolution
		{E644D9C3-970B-4DAF-9B7A-99BB51CCD55A}.Debug|Any CPU.ActiveCfg = Debug|Any CPU
		{E644D9C3-970B-4DAF-9B7A-99BB51CCD55A}.Debug|Any CPU.Build.0 = Debug|Any CPU
		{E644D9C3-970B-4DAF-9B7A-99BB51CCD55A}.Release|Any CPU.ActiveCfg = Release|Any CPU
		{E644D9C3-970B-4DAF-9B7A-99BB51CCD55A}.Release|Any CPU.Build.0 = Release|Any CPU
	EndGlobalSection
	GlobalSection(SolutionProperties) = preSolution
		HideSolutionNode = FALSE
	EndGlobalSection
	GlobalSection(ExtensibilityGlobals) = postSolution
		SolutionGuid = {B5430289-6546-45E1-AF94-4A01DAFA4672}
	EndGlobalSection
EndGlobal
